
Microsoft Visual Studio Solution File, Format Version 12.00
# Visual Studio Version 16
VisualStudioVersion = 16.0.29613.14
MinimumVisualStudioVersion = 10.0.40219.1
Project("{FAE04EC0-301F-11D3-BF4B-00C04F79EFBC}") = "TesteAgapys", "TesteAgapys.csproj", "{4A6E97D9-4CAB-4E38-AC19-DF869FF2BD2E}"
EndProject
Project("{2150E333-8FDC-42A3-9474-1A3956D46DE8}") = "Solution Items", "Solution Items", "{963283AC-FC7A-4B51-876A-48D54DC4BC01}"
	ProjectSection(SolutionItems) = preProject
		.editorconfig = .editorconfig
	EndProjectSection
EndProject
Global
	GlobalSection(SolutionConfigurationPlatforms) = preSolution
		Debug|Any CPU = Debug|Any CPU
		Release|Any CPU = Release|Any CPU
	EndGlobalSection
	GlobalSection(ProjectConfigurationPlatforms) = postSolution
		{4A6E97D9-4CAB-4E38-AC19-DF869FF2BD2E}.Debug|Any CPU.ActiveCfg = Debug|Any CPU
		{4A6E97D9-4CAB-4E38-AC19-DF869FF2BD2E}.Debug|Any CPU.Build.0 = Debug|Any CPU
		{4A6E97D9-4CAB-4E38-AC19-DF869FF2BD2E}.Release|Any CPU.ActiveCfg = Release|Any CPU
		{4A6E97D9-4CAB-4E38-AC19-DF869FF2BD2E}.Release|Any CPU.Build.0 = Release|Any CPU
	EndGlobalSection
	GlobalSection(SolutionProperties) = preSolution
		HideSolutionNode = FALSE
	EndGlobalSection
	GlobalSection(ExtensibilityGlobals) = postSolution
		SolutionGuid = {31BEF1CA-EEA6-4B0A-B798-C2536D50888A}
	EndGlobalSection
EndGlobal
